# This file is autogenerated, do not edit; changes may be undone by the next 'dep ensure'.


[[projects]]
  digest = "1:970b82c29d65ee19d03b3f8613c785edddfb4079bca0e5adacd7e8f74653babb"
  name = "cloud.google.com/go"
  packages = [
    "compute/metadata",
    "internal",
  ]
  pruneopts = "UT"
  revision = "66ede4d838ea4808df6144568e8ea7660967010c"

[[projects]]
  digest = "1:d1665c44bd5db19aaee18d1b6233c99b0b9a986e8bccb24ef54747547a48027f"
  name = "github.com/PuerkitoBio/purell"
  packages = ["."]
  pruneopts = "UT"
  revision = "0bcb03f4b4d0a9428594752bd2a3b9aa0a9d4bd4"
  version = "v1.1.0"

[[projects]]
  digest = "1:61e5d7b1fabd5b6734b2595912944dbd9f6e0eaa4adef25e5cbf98754fc91df1"
  name = "github.com/PuerkitoBio/urlesc"
  packages = ["."]
  pruneopts = "UT"
  revision = "5bd2802263f21d8788851d5305584c82a5c75d7e"

[[projects]]
  digest = "1:d7a24a4fabe8babd848a63e9274ab137ff9265ccdb6d142638bc9f8baf411ba8"
  name = "github.com/coreos/go-oidc"
  packages = [
    "http",
    "jose",
    "key",
    "oauth2",
    "oidc",
  ]
  pruneopts = "UT"
  revision = "2b5d73091ea4b7ddb15e3ac00077f153120b5b61"

[[projects]]
  digest = "1:6fda0d7f5e52b081e075775b1ecebf1ea0c923e7be33604ed0225ae078e701b5"
  name = "github.com/coreos/pkg"
  packages = [
    "health",
    "httputil",
    "timeutil",
  ]
  pruneopts = "UT"
  revision = "447b7ec906e523386d9c53be15b55a8ae86ea944"

[[projects]]
  digest = "1:a2c1d0e43bd3baaa071d1b9ed72c27d78169b2b269f71c105ac4ba34b1be4a39"
  name = "github.com/davecgh/go-spew"
  packages = ["spew"]
  pruneopts = "UT"
  revision = "346938d642f2ec3594ed81d874461961cd0faa76"
  version = "v1.1.0"

[[projects]]
  digest = "1:f081665155857b47e7220cb60b9bf93d976ae90006298a052359f57d814beda8"
  name = "github.com/docker/distribution"
  packages = [
    "digestset",
    "reference",
  ]
  pruneopts = "UT"
  revision = "69c7f303d511a5777e79505b23340d37d532d7ac"

[[projects]]
  digest = "1:387340ffe06dea6fabbf7ea480e944b400f42fdebf19c47f0ec1ab5cbaa1e9d3"
  name = "github.com/emicklei/go-restful"
  packages = [
    ".",
    "log",
    "swagger",
  ]
  pruneopts = "UT"
  revision = "d916db217751a3fef55337f799c31fde4b8efcf1"

[[projects]]
  digest = "1:c8122a53fe93d2ec31934297b3aca152d3b9bb9dfb7897d224c771b159445747"
  name = "github.com/ghodss/yaml"
  packages = ["."]
  pruneopts = "UT"
  revision = "04f313413ffd65ce25f2541bfd2b2ceec5c0908c"

[[projects]]
  digest = "1:c3aa97991efc907914bfeec566b017ad28dbca582d63b586230bddac60cd7f46"
  name = "github.com/go-openapi/jsonpointer"
  packages = ["."]
  pruneopts = "UT"
  revision = "779f45308c19820f1a69e9a4cd965f496e0da10f"

[[projects]]
  digest = "1:1c24a2c6b9d03310bfee2a5fbbfda0451d484678c25a36d718d2c138bd2aaad4"
  name = "github.com/go-openapi/jsonreference"
  packages = ["."]
  pruneopts = "UT"
  revision = "36d33bfe519efae5632669801b180bf1a245da3b"

[[projects]]
  digest = "1:b1b4db72e0fd165e553560f7742a7b3cfd8f2ad9bcc834e5c756413fa17986b9"
  name = "github.com/go-openapi/spec"
  packages = ["."]
  pruneopts = "UT"
  revision = "3a0434164aa36744c7ba29b822d36894a1e5ec96"

[[projects]]
  digest = "1:1a11eca32ff308d8b5e0e9430d5a23a94c33d8bcf966cefa69fe1538f1176e4d"
  name = "github.com/go-openapi/swag"
  packages = ["."]
  pruneopts = "UT"
  revision = "96d7b9ebd181a1735a1c9ac87914f2b32fbf56c9"

[[projects]]
  digest = "1:d6ef16cfd96f77f2750940cd60ea8fdcf3c75212fa12097787e9326707b6442a"
  name = "github.com/gogo/protobuf"
  packages = [
    "proto",
    "sortkeys",
  ]
  pruneopts = "UT"
  revision = "f9114dace7bd920b32f943b3c73fafbcbab2bf31"

[[projects]]
  branch = "master"
  digest = "1:1ba1d79f2810270045c328ae5d674321db34e3aae468eb4233883b473c5c0467"
  name = "github.com/golang/glog"
  packages = ["."]
  pruneopts = "UT"
  revision = "23def4e6c14b4da8ac2ed8007337bc5eb5007998"

[[projects]]
  digest = "1:e9684f376cdd9a3b44b0a0cb8c626ce5e907a5541fad0c50e1e6d5f8999609ae"
  name = "github.com/golang/protobuf"
  packages = ["proto"]
  pruneopts = "UT"
  revision = "8ee79997227bf9b34611aee7946ae64735e6fd93"

[[projects]]
  digest = "1:8eaf0e0d1e8cd2e610d4fc282149e839de6697c531bd7d9789844888dd403875"
  name = "github.com/gonum/blas"
  packages = [
    ".",
    "blas64",
    "native",
    "native/internal/math32",
  ]
  pruneopts = "UT"
  revision = "b7e9c0daf02ad8ab3cf9b9b744224895a05ec23b"

[[projects]]
  digest = "1:9cd86601e56b2ad5c1cb10ad0ce935e93f4a0d450ace03472a34e9388616da5a"
  name = "github.com/gonum/floats"
  packages = ["."]
  pruneopts = "UT"
  revision = "9fe75c11ab14e9efe0445ce5b96ac8fd552be30c"

[[projects]]
  digest = "1:45576f5fece41732d618d910f81ff39a7e9ad3c76864a8d2871ad076544229d9"
  name = "github.com/gonum/internal"
  packages = ["asm"]
  pruneopts = "UT"
  revision = "3065419bb46aefed1d66b0c951f2ef01da74fcbe"

[[projects]]
  digest = "1:282b1e31ec05785b0b751cb710bba13173659a6bab16df9b5665d4850c5f4c1d"
  name = "github.com/gonum/lapack"
  packages = [
    ".",
    "lapack64",
    "native",
  ]
  pruneopts = "UT"
  revision = "bf35376ccb9855357148de9f033bcdfa7f834e56"

[[projects]]
  digest = "1:b821bff1286ad44fd227ac4128eb6620b45e770dea402a1fd047d4926febb5f1"
  name = "github.com/gonum/matrix"
  packages = [
    ".",
    "mat64",
  ]
  pruneopts = "UT"
  revision = "704601ae4ecb60f32a2d51ffeb1b8678979d5d4e"

[[projects]]
  digest = "1:41bfd4219241b7f7d6e6fdb13fc712576f1337e68e6b895136283b76928fdd66"
  name = "github.com/google/gofuzz"
  packages = ["."]
  pruneopts = "UT"
  revision = "44d81051d367757e1c7c6a5a86423ece9afcf63c"

[[projects]]
  digest = "1:73b7311e89d5d3e54f7f28365b9b2e770f55893bbfa7c331a09951e60f087730"
  name = "github.com/googleapis/gax-go"
  packages = ["."]
  pruneopts = "UT"
  revision = "da06d194a00e19ce00d9011a13931c3f6f6887c7"

[[projects]]
  branch = "master"
  digest = "1:0778dc7fce1b4669a8bfa7ae506ec1f595b6ab0f8989c1c0d22a8ca1144e9972"
  name = "github.com/howeyc/gopass"
  packages = ["."]
  pruneopts = "UT"
  revision = "bf9dde6d0d2c004a008c27aaee91170c786f6db8"

[[projects]]
  digest = "1:8eb1de8112c9924d59bf1d3e5c26f5eaa2bfc2a5fcbb92dc1c2e4546d695f277"
  name = "github.com/imdario/mergo"
  packages = ["."]
  pruneopts = "UT"
  revision = "9f23e2d6bd2a77f959b2bf6acdbefd708a83a4a4"
  version = "v0.3.6"

[[projects]]
  digest = "1:9bc7dca517b62ed4c6f705d05deb3ba2710f20adb250d3cd9f6b5360f50fa629"
  name = "github.com/jonboulle/clockwork"
  packages = ["."]
  pruneopts = "UT"
  revision = "bcac9884e7502bb2b474c0339d889cb981a2f27f"

[[projects]]
  digest = "1:ffa97833f33cc1c2b0aae813035227f5ea92528a4a4d955714c454920a42f988"
  name = "github.com/juju/ratelimit"
  packages = ["."]
  pruneopts = "UT"
  revision = "77ed1c8a01217656d2080ad51981f6e99adaa177"

[[projects]]
  digest = "1:082d99d08d81cdd5f584444d787c96f4eeb2d71084aad168a527f0879a732897"
  name = "github.com/mailru/easyjson"
  packages = [
    "buffer",
    "jlexer",
    "jwriter",
  ]
  pruneopts = "UT"
  revision = "9d6630dc8c577b56cb9687a9cf9e8578aca7298a"

[[projects]]
  digest = "1:5f9bff5bbb2ae70874812ebb1f0e8116899a958950d7395ec21284c586e74df8"
  name = "github.com/opencontainers/go-digest"
  packages = ["."]
  pruneopts = "UT"
  revision = "21dfd564fd89c944783d00d069f33e3e7123c448"

[[projects]]
  digest = "1:be0710701fa7c1f35443186994ce85f3841dd78632191e87c07a34b90146d82e"
  name = "github.com/pborman/uuid"
  packages = ["."]
  pruneopts = "UT"
  revision = "5007efa264d92316c43112bc573e754bc889b7b1"

[[projects]]
  digest = "1:618077e4176a1e95227b7fa94bc6443fdaa0c6f726501094590de4f5b6151222"
  name = "github.com/spf13/pflag"
  packages = ["."]
  pruneopts = "UT"
  revision = "25f8b5b07aece3207895bf19f7ab517eb3b22a40"

[[projects]]
  digest = "1:a02bd33c56ab567d53246eeb40c76810c339af9fff7e43b5dd266f7d58d7ca4a"
  name = "github.com/ugorji/go"
  packages = ["codec"]
  pruneopts = "UT"
  revision = "ded73eae5db7e7a0ef6f55aace87a2873c5d2b74"

[[projects]]
  branch = "master"
  digest = "1:3f3a05ae0b95893d90b9b3b5afdb79a9b3d96e4e36e099d841ae602e4aca0da8"
  name = "golang.org/x/crypto"
  packages = ["ssh/terminal"]
  pruneopts = "UT"
  revision = "de0752318171da717af4ce24d0a2e8626afaeb11"

[[projects]]
  digest = "1:08ad1c5d37e5c91f4058a88940d27fbdff9f63505e7481f75d98d94073c0e2a0"
  name = "golang.org/x/net"
  packages = [
    "context",
    "context/ctxhttp",
    "http2",
    "http2/hpack",
    "idna",
    "internal/timeseries",
    "lex/httplex",
    "trace",
  ]
  pruneopts = "UT"
  revision = "60c41d1de8da134c05b7b40154a9a82bf5b7edb9"

[[projects]]
  digest = "1:9e03eab9ee5bbb315dcb536a754391f17784c64173551175273ceea9cae26476"
  name = "golang.org/x/oauth2"
  packages = [
    ".",
    "google",
    "internal",
    "jws",
    "jwt",
  ]
  pruneopts = "UT"
  revision = "314dd2c0bf3ebd592ec0d20847d27e79d0dbe8dd"

[[projects]]
  branch = "master"
  digest = "1:26ec91f56010c7c9f74630771a35f12f07f3c1d077455ae6611fe58b21433146"
  name = "golang.org/x/sys"
  packages = [
    "unix",
    "windows",
  ]
  pruneopts = "UT"
  revision = "14742f9018cd6651ec7364dc6ee08af0baaa1031"

[[projects]]
  digest = "1:e8abe02476185a5fcec07098858629c7169db5b3917140778e9234e0b4eae00e"
  name = "golang.org/x/text"
  packages = [
    "internal/gen",
    "internal/triegen",
    "internal/ucd",
    "secure/bidirule",
    "transform",
    "unicode/bidi",
    "unicode/cldr",
    "unicode/norm",
    "unicode/rangetable",
    "width",
  ]
  pruneopts = "UT"
  revision = "44f4f658a783b0cee41fe0a23b8fc91d9c120558"

[[projects]]
  digest = "1:d7ba43c94c7a9a8e17c431cb37a7c499f6a5ac44ed93453f1a160efbea518a0a"
  name = "google.golang.org/appengine"
  packages = [
    ".",
    "internal",
    "internal/app_identity",
    "internal/base",
    "internal/datastore",
    "internal/log",
    "internal/modules",
    "internal/remote_api",
    "internal/urlfetch",
    "urlfetch",
  ]
  pruneopts = "UT"
  revision = "8758a385849434ba5eac8aeedcf5192c5a0f5f10"

[[projects]]
  digest = "1:9789348db37f10b768d5af9c2c3ee59484d2ee0b4b2a94f73095d848b355a13e"
  name = "google.golang.org/grpc"
  packages = [
    ".",
    "codes",
    "credentials",
    "grpclog",
    "internal",
    "metadata",
    "naming",
    "peer",
    "stats",
    "tap",
    "transport",
  ]
  pruneopts = "UT"
  revision = "50955793b0183f9de69bd78e2ec251cf20aab121"

[[projects]]
  digest = "1:ef72505cf098abdd34efeea032103377bec06abb61d8a06f002d5d296a4b1185"
  name = "gopkg.in/inf.v0"
  packages = ["."]
  pruneopts = "UT"
  revision = "3887ee99ecf07df5b447e9b00d9c0b2adaa9f3e4"
  version = "v0.9.0"

[[projects]]
  digest = "1:cacb98d52c60c337c2ce95a7af83ba0313a93ce5e73fa9e99a96aff70776b9d3"
  name = "gopkg.in/yaml.v2"
  packages = ["."]
  pruneopts = "UT"
  revision = "a5b47d31c556af34a302ce5d659e6fea44d90de0"

[[projects]]
  digest = "1:d482aa3968874af536923fd9c0626470f0e3880d79e4f86e4b3835fea597f948"
  name = "k8s.io/client-go"
  packages = [
    "discovery",
    "kubernetes",
    "kubernetes/typed/apps/v1beta1",
    "kubernetes/typed/authentication/v1beta1",
    "kubernetes/typed/authorization/v1beta1",
    "kubernetes/typed/autoscaling/v1",
    "kubernetes/typed/batch/v1",
    "kubernetes/typed/batch/v2alpha1",
    "kubernetes/typed/certificates/v1alpha1",
    "kubernetes/typed/core/v1",
    "kubernetes/typed/extensions/v1beta1",
    "kubernetes/typed/policy/v1beta1",
    "kubernetes/typed/rbac/v1alpha1",
    "kubernetes/typed/storage/v1beta1",
    "pkg/api",
    "pkg/api/errors",
    "pkg/api/install",
    "pkg/api/meta",
    "pkg/api/resource",
    "pkg/api/v1",
    "pkg/api/validation/path",
    "pkg/apimachinery",
    "pkg/apimachinery/announced",
    "pkg/apimachinery/registered",
    "pkg/apis/apps",
    "pkg/apis/apps/install",
    "pkg/apis/apps/v1beta1",
    "pkg/apis/authentication",
    "pkg/apis/authentication/install",
    "pkg/apis/authentication/v1beta1",
    "pkg/apis/authorization",
    "pkg/apis/authorization/install",
    "pkg/apis/authorization/v1beta1",
    "pkg/apis/autoscaling",
    "pkg/apis/autoscaling/install",
    "pkg/apis/autoscaling/v1",
    "pkg/apis/batch",
    "pkg/apis/batch/install",
    "pkg/apis/batch/v1",
    "pkg/apis/batch/v2alpha1",
    "pkg/apis/certificates",
    "pkg/apis/certificates/install",
    "pkg/apis/certificates/v1alpha1",
    "pkg/apis/extensions",
    "pkg/apis/extensions/install",
    "pkg/apis/extensions/v1beta1",
    "pkg/apis/meta/v1",
    "pkg/apis/meta/v1/unstructured",
    "pkg/apis/policy",
    "pkg/apis/policy/install",
    "pkg/apis/policy/v1beta1",
    "pkg/apis/rbac",
    "pkg/apis/rbac/install",
    "pkg/apis/rbac/v1alpha1",
    "pkg/apis/storage",
    "pkg/apis/storage/install",
    "pkg/apis/storage/v1beta1",
    "pkg/auth/user",
    "pkg/conversion",
    "pkg/conversion/queryparams",
    "pkg/fields",
    "pkg/genericapiserver/openapi/common",
    "pkg/labels",
    "pkg/runtime",
    "pkg/runtime/schema",
    "pkg/runtime/serializer",
    "pkg/runtime/serializer/json",
    "pkg/runtime/serializer/protobuf",
    "pkg/runtime/serializer/recognizer",
    "pkg/runtime/serializer/streaming",
    "pkg/runtime/serializer/versioning",
    "pkg/selection",
    "pkg/third_party/forked/golang/reflect",
    "pkg/third_party/forked/golang/template",
    "pkg/types",
    "pkg/util",
    "pkg/util/cert",
    "pkg/util/clock",
    "pkg/util/errors",
    "pkg/util/flowcontrol",
    "pkg/util/framer",
    "pkg/util/homedir",
    "pkg/util/integer",
    "pkg/util/intstr",
    "pkg/util/json",
    "pkg/util/jsonpath",
    "pkg/util/labels",
    "pkg/util/net",
    "pkg/util/parsers",
    "pkg/util/rand",
    "pkg/util/runtime",
    "pkg/util/sets",
    "pkg/util/uuid",
    "pkg/util/validation",
    "pkg/util/validation/field",
    "pkg/util/wait",
    "pkg/util/yaml",
    "pkg/version",
    "pkg/watch",
    "pkg/watch/versioned",
    "plugin/pkg/client/auth",
    "plugin/pkg/client/auth/gcp",
    "plugin/pkg/client/auth/oidc",
    "rest",
    "tools/auth",
    "tools/clientcmd",
    "tools/clientcmd/api",
    "tools/clientcmd/api/latest",
    "tools/clientcmd/api/v1",
    "tools/metrics",
    "transport",
  ]
  pruneopts = "UT"
  revision = "24a02a6d7d2c9a21b12a3eb35c71c784e63825f4"

[solve-meta]
  analyzer-name = "dep"
  analyzer-version = 1
  input-imports = [
    "github.com/golang/glog",
    "github.com/gonum/matrix/mat64",
    "github.com/spf13/pflag",
    "k8s.io/client-go/kubernetes",
    "k8s.io/client-go/pkg/api/resource",
    "k8s.io/client-go/pkg/api/v1",
    "k8s.io/client-go/pkg/apis/meta/v1",
    "k8s.io/client-go/pkg/util/clock",
    "k8s.io/client-go/rest",
    "k8s.io/client-go/tools/clientcmd",
  ]
  solver-name = "gps-cdcl"
  solver-version = 1
